
Microsoft Visual Studio Solution File, Format Version 12.00
# Visual Studio Version 17
VisualStudioVersion = 17.14.36401.2 d17.14
MinimumVisualStudioVersion = 10.0.40219.1
Project("{FAE04EC0-301F-11D3-BF4B-00C04F79EFBC}") = "Personal_Expense_Tracker", "Personal_Expense_Tracker.csproj", "{7A5A4EC8-F507-4674-9A17-C40D39C92E7A}"
EndProject
Global
	GlobalSection(SolutionConfigurationPlatforms) = preSolution
		Debug|Any CPU = Debug|Any CPU
		Release|Any CPU = Release|Any CPU
	EndGlobalSection
	GlobalSection(ProjectConfigurationPlatforms) = postSolution
		{7A5A4EC8-F507-4674-9A17-C40D39C92E7A}.Debug|Any CPU.ActiveCfg = Debug|Any CPU
		{7A5A4EC8-F507-4674-9A17-C40D39C92E7A}.Debug|Any CPU.Build.0 = Debug|Any CPU
		{7A5A4EC8-F507-4674-9A17-C40D39C92E7A}.Release|Any CPU.ActiveCfg = Release|Any CPU
		{7A5A4EC8-F507-4674-9A17-C40D39C92E7A}.Release|Any CPU.Build.0 = Release|Any CPU
	EndGlobalSection
	GlobalSection(SolutionProperties) = preSolution
		HideSolutionNode = FALSE
	EndGlobalSection
	GlobalSection(ExtensibilityGlobals) = postSolution
		SolutionGuid = {5B7133A4-ABE3-4790-8E7C-BDD57FF7E66E}
	EndGlobalSection
EndGlobal
